# This file is autogenerated, do not edit; changes may be undone by the next 'dep ensure'.


[[projects]]
  name = "github.com/kr/beanstalk"
  packages = ["."]
  revision = "4011ceaa3ceeeeb8f38e541d2e8efceba6d0b86e"

[solve-meta]
  analyzer-name = "dep"
  analyzer-version = 1
  inputs-digest = "a41b674870b6229a6e10a5b3ed936ed7f4663411582402196b0a5016693f89d6"
  solver-name = "gps-cdcl"
  solver-version = 1
